
Microsoft Visual Studio Solution File, Format Version 11.00
# Visual Studio 2010
Project("{FAE04EC0-301F-11D3-BF4B-00C04F79EFBC}") = "Alfred", "Assembly-CSharp.csproj", "{3DD9ADFC-500E-8872-D642-39B2677F5548}"
EndProject
Project("{FAE04EC0-301F-11D3-BF4B-00C04F79EFBC}") = "Alfred", "Assembly-CSharp-Editor.csproj", "{8BAD725C-5705-A222-A087-22F04D90BEBC}"
EndProject
Global
	GlobalSection(SolutionConfigurationPlatforms) = preSolution
		Debug|Any CPU = Debug|Any CPU
		Release|Any CPU = Release|Any CPU
	EndGlobalSection
	GlobalSection(ProjectConfigurationPlatforms) = postSolution
		{3DD9ADFC-500E-8872-D642-39B2677F5548}.Debug|Any CPU.ActiveCfg = Debug|Any CPU
		{3DD9ADFC-500E-8872-D642-39B2677F5548}.Debug|Any CPU.Build.0 = Debug|Any CPU
		{3DD9ADFC-500E-8872-D642-39B2677F5548}.Release|Any CPU.ActiveCfg = Release|Any CPU
		{3DD9ADFC-500E-8872-D642-39B2677F5548}.Release|Any CPU.Build.0 = Release|Any CPU
		{8BAD725C-5705-A222-A087-22F04D90BEBC}.Debug|Any CPU.ActiveCfg = Debug|Any CPU
		{8BAD725C-5705-A222-A087-22F04D90BEBC}.Debug|Any CPU.Build.0 = Debug|Any CPU
		{8BAD725C-5705-A222-A087-22F04D90BEBC}.Release|Any CPU.ActiveCfg = Release|Any CPU
		{8BAD725C-5705-A222-A087-22F04D90BEBC}.Release|Any CPU.Build.0 = Release|Any CPU
	EndGlobalSection
	GlobalSection(SolutionProperties) = preSolution
		HideSolutionNode = FALSE
	EndGlobalSection
	GlobalSection(MonoDevelopProperties) = preSolution
		StartupItem = Assembly-CSharp.csproj
	EndGlobalSection
EndGlobal
